
Microsoft Visual Studio Solution File, Format Version 12.00
# Visual Studio Version 17
VisualStudioVersion = 17.10.35122.118
MinimumVisualStudioVersion = 10.0.40219.1
Project("{FAE04EC0-301F-11D3-BF4B-00C04F79EFBC}") = "GioHang", "GioHang\GioHang.csproj", "{6640FD43-2E5F-48AB-8498-A8963514F262}"
EndProject
Global
	GlobalSection(SolutionConfigurationPlatforms) = preSolution
		Debug|Any CPU = Debug|Any CPU
		Release|Any CPU = Release|Any CPU
	EndGlobalSection
	GlobalSection(ProjectConfigurationPlatforms) = postSolution
		{6640FD43-2E5F-48AB-8498-A8963514F262}.Debug|Any CPU.ActiveCfg = Debug|Any CPU
		{6640FD43-2E5F-48AB-8498-A8963514F262}.Debug|Any CPU.Build.0 = Debug|Any CPU
		{6640FD43-2E5F-48AB-8498-A8963514F262}.Release|Any CPU.ActiveCfg = Release|Any CPU
		{6640FD43-2E5F-48AB-8498-A8963514F262}.Release|Any CPU.Build.0 = Release|Any CPU
	EndGlobalSection
	GlobalSection(SolutionProperties) = preSolution
		HideSolutionNode = FALSE
	EndGlobalSection
	GlobalSection(ExtensibilityGlobals) = postSolution
		SolutionGuid = {BCC97391-D215-4949-89ED-843FABBF656C}
	EndGlobalSection
EndGlobal
